// !$*UTF8*$!
{
	archiveVersion = 1;
	classes = {
	};
	objectVersion = 55;
	objects = {

/* Begin PBXBuildFile section */
		7C38B025278C191400425221 /* Environment.swift in Sources */ = {isa = PBXBuildFile; fileRef = 7C38B024278C191400425221 /* Environment.swift */; };
		7C38B02B278D4E9400425221 /* FoodDetailProtocols.swift in Sources */ = {isa = PBXBuildFile; fileRef = 7C38B02A278D4E9400425221 /* FoodDetailProtocols.swift */; };
		7C38B02D278D4EA200425221 /* FoodDetailInteractor.swift in Sources */ = {isa = PBXBuildFile; fileRef = 7C38B02C278D4EA200425221 /* FoodDetailInteractor.swift */; };
		7C38B02F278D4EAF00425221 /* FoodDetailPresenter.swift in Sources */ = {isa = PBXBuildFile; fileRef = 7C38B02E278D4EAF00425221 /* FoodDetailPresenter.swift */; };
		7C38B031278D4EBD00425221 /* FoodDetailRouter.swift in Sources */ = {isa = PBXBuildFile; fileRef = 7C38B030278D4EBD00425221 /* FoodDetailRouter.swift */; };
		7C38B033278D518900425221 /* Cart.swift in Sources */ = {isa = PBXBuildFile; fileRef = 7C38B032278D518900425221 /* Cart.swift */; };
		7CDECA04278AF8E6004DDEBA /* AppDelegate.swift in Sources */ = {isa = PBXBuildFile; fileRef = 7CDECA03278AF8E6004DDEBA /* AppDelegate.swift */; };
		7CDECA06278AF8E6004DDEBA /* SceneDelegate.swift in Sources */ = {isa = PBXBuildFile; fileRef = 7CDECA05278AF8E6004DDEBA /* SceneDelegate.swift */; };
		7CDECA08278AF8E6004DDEBA /* MainViewController.swift in Sources */ = {isa = PBXBuildFile; fileRef = 7CDECA07278AF8E6004DDEBA /* MainViewController.swift */; };
		7CDECA0B278AF8E6004DDEBA /* Main.storyboard in Resources */ = {isa = PBXBuildFile; fileRef = 7CDECA09278AF8E6004DDEBA /* Main.storyboard */; };
		7CDECA0E278AF8E6004DDEBA /* EcommerceWithViper.xcdatamodeld in Sources */ = {isa = PBXBuildFile; fileRef = 7CDECA0C278AF8E6004DDEBA /* EcommerceWithViper.xcdatamodeld */; };
		7CDECA10278AF8E9004DDEBA /* Assets.xcassets in Resources */ = {isa = PBXBuildFile; fileRef = 7CDECA0F278AF8E9004DDEBA /* Assets.xcassets */; };
		7CDECA13278AF8E9004DDEBA /* LaunchScreen.storyboard in Resources */ = {isa = PBXBuildFile; fileRef = 7CDECA11278AF8E9004DDEBA /* LaunchScreen.storyboard */; };
		7CDECA24278AFCFB004DDEBA /* MainViewProtocols.swift in Sources */ = {isa = PBXBuildFile; fileRef = 7CDECA23278AFCFB004DDEBA /* MainViewProtocols.swift */; };
		7CDECA26278B002C004DDEBA /* Food.swift in Sources */ = {isa = PBXBuildFile; fileRef = 7CDECA25278B002C004DDEBA /* Food.swift */; };
		7CDECA28278B00B2004DDEBA /* FoodResponse.swift in Sources */ = {isa = PBXBuildFile; fileRef = 7CDECA27278B00B2004DDEBA /* FoodResponse.swift */; };
		7CDECA2A278B01B5004DDEBA /* MainViewInteractor.swift in Sources */ = {isa = PBXBuildFile; fileRef = 7CDECA29278B01B5004DDEBA /* MainViewInteractor.swift */; };
		7CDECA2C278B059A004DDEBA /* FoodCollectionViewCell.swift in Sources */ = {isa = PBXBuildFile; fileRef = 7CDECA2B278B059A004DDEBA /* FoodCollectionViewCell.swift */; };
		7CDECA2E278B05EE004DDEBA /* FoodDetailViewController.swift in Sources */ = {isa = PBXBuildFile; fileRef = 7CDECA2D278B05EE004DDEBA /* FoodDetailViewController.swift */; };
		7CDECA32278B079D004DDEBA /* Alamofire in Frameworks */ = {isa = PBXBuildFile; productRef = 7CDECA31278B079D004DDEBA /* Alamofire */; };
		7CDECA34278B09BE004DDEBA /* MainViewPresenter.swift in Sources */ = {isa = PBXBuildFile; fileRef = 7CDECA33278B09BE004DDEBA /* MainViewPresenter.swift */; };
		7CDECA36278B0AB7004DDEBA /* MainViewRouter.swift in Sources */ = {isa = PBXBuildFile; fileRef = 7CDECA35278B0AB7004DDEBA /* MainViewRouter.swift */; };
		7CDECA39278B12FB004DDEBA /* Kingfisher in Frameworks */ = {isa = PBXBuildFile; productRef = 7CDECA38278B12FB004DDEBA /* Kingfisher */; };
		7CDECA3D278B26C6004DDEBA /* CartViewController.swift in Sources */ = {isa = PBXBuildFile; fileRef = 7CDECA3C278B26C6004DDEBA /* CartViewController.swift */; };
/* End PBXBuildFile section */

/* Begin PBXFileReference section */
		7C38B024278C191400425221 /* Environment.swift */ = {isa = PBXFileReference; lastKnownFileType = sourcecode.swift; path = Environment.swift; sourceTree = "<group>"; };
		7C38B02A278D4E9400425221 /* FoodDetailProtocols.swift */ = {isa = PBXFileReference; lastKnownFileType = sourcecode.swift; path = FoodDetailProtocols.swift; sourceTree = "<group>"; };
		7C38B02C278D4EA200425221 /* FoodDetailInteractor.swift */ = {isa = PBXFileReference; lastKnownFileType = sourcecode.swift; path = FoodDetailInteractor.swift; sourceTree = "<group>"; };
		7C38B02E278D4EAF00425221 /* FoodDetailPresenter.swift */ = {isa = PBXFileReference; lastKnownFileType = sourcecode.swift; path = FoodDetailPresenter.swift; sourceTree = "<group>"; };
		7C38B030278D4EBD00425221 /* FoodDetailRouter.swift */ = {isa = PBXFileReference; lastKnownFileType = sourcecode.swift; path = FoodDetailRouter.swift; sourceTree = "<group>"; };
		7C38B032278D518900425221 /* Cart.swift */ = {isa = PBXFileReference; lastKnownFileType = sourcecode.swift; path = Cart.swift; sourceTree = "<group>"; };
		7CDECA00278AF8E6004DDEBA /* EcommerceWithViper.app */ = {isa = PBXFileReference; explicitFileType = wrapper.application; includeInIndex = 0; path = EcommerceWithViper.app; sourceTree = BUILT_PRODUCTS_DIR; };
		7CDECA03278AF8E6004DDEBA /* AppDelegate.swift */ = {isa = PBXFileReference; lastKnownFileType = sourcecode.swift; path = AppDelegate.swift; sourceTree = "<group>"; };
		7CDECA05278AF8E6004DDEBA /* SceneDelegate.swift */ = {isa = PBXFileReference; lastKnownFileType = sourcecode.swift; path = SceneDelegate.swift; sourceTree = "<group>"; };
		7CDECA07278AF8E6004DDEBA /* MainViewController.swift */ = {isa = PBXFileReference; lastKnownFileType = sourcecode.swift; path = MainViewController.swift; sourceTree = "<group>"; };
		7CDECA0A278AF8E6004DDEBA /* Base */ = {isa = PBXFileReference; lastKnownFileType = file.storyboard; name = Base; path = Base.lproj/Main.storyboard; sourceTree = "<group>"; };
		7CDECA0D278AF8E6004DDEBA /* EcommerceWithViper.xcdatamodel */ = {isa = PBXFileReference; lastKnownFileType = wrapper.xcdatamodel; path = EcommerceWithViper.xcdatamodel; sourceTree = "<group>"; };
		7CDECA0F278AF8E9004DDEBA /* Assets.xcassets */ = {isa = PBXFileReference; lastKnownFileType = folder.assetcatalog; path = Assets.xcassets; sourceTree = "<group>"; };
		7CDECA12278AF8E9004DDEBA /* Base */ = {isa = PBXFileReference; lastKnownFileType = file.storyboard; name = Base; path = Base.lproj/LaunchScreen.storyboard; sourceTree = "<group>"; };
		7CDECA14278AF8E9004DDEBA /* Info.plist */ = {isa = PBXFileReference; lastKnownFileType = text.plist.xml; path = Info.plist; sourceTree = "<group>"; };
		7CDECA23278AFCFB004DDEBA /* MainViewProtocols.swift */ = {isa = PBXFileReference; lastKnownFileType = sourcecode.swift; path = MainViewProtocols.swift; sourceTree = "<group>"; };
		7CDECA25278B002C004DDEBA /* Food.swift */ = {isa = PBXFileReference; lastKnownFileType = sourcecode.swift; path = Food.swift; sourceTree = "<group>"; };
		7CDECA27278B00B2004DDEBA /* FoodResponse.swift */ = {isa = PBXFileReference; lastKnownFileType = sourcecode.swift; path = FoodResponse.swift; sourceTree = "<group>"; };
		7CDECA29278B01B5004DDEBA /* MainViewInteractor.swift */ = {isa = PBXFileReference; lastKnownFileType = sourcecode.swift; path = MainViewInteractor.swift; sourceTree = "<group>"; };
		7CDECA2B278B059A004DDEBA /* FoodCollectionViewCell.swift */ = {isa = PBXFileReference; lastKnownFileType = sourcecode.swift; path = FoodCollectionViewCell.swift; sourceTree = "<group>"; };
		7CDECA2D278B05EE004DDEBA /* FoodDetailViewController.swift */ = {isa = PBXFileReference; lastKnownFileType = sourcecode.swift; path = FoodDetailViewController.swift; sourceTree = "<group>"; };
		7CDECA33278B09BE004DDEBA /* MainViewPresenter.swift */ = {isa = PBXFileReference; lastKnownFileType = sourcecode.swift; path = MainViewPresenter.swift; sourceTree = "<group>"; };
		7CDECA35278B0AB7004DDEBA /* MainViewRouter.swift */ = {isa = PBXFileReference; lastKnownFileType = sourcecode.swift; path = MainViewRouter.swift; sourceTree = "<group>"; };
		7CDECA3C278B26C6004DDEBA /* CartViewController.swift */ = {isa = PBXFileReference; lastKnownFileType = sourcecode.swift; path = CartViewController.swift; sourceTree = "<group>"; };
/* End PBXFileReference section */

/* Begin PBXFrameworksBuildPhase section */
		7CDEC9FD278AF8E6004DDEBA /* Frameworks */ = {
			isa = PBXFrameworksBuildPhase;
			buildActionMask = 2147483647;
			files = (
				7CDECA39278B12FB004DDEBA /* Kingfisher in Frameworks */,
				7CDECA32278B079D004DDEBA /* Alamofire in Frameworks */,
			);
			runOnlyForDeploymentPostprocessing = 0;
		};
/* End PBXFrameworksBuildPhase section */

/* Begin PBXGroup section */
		7C38B023278C18E600425221 /* configs */ = {
			isa = PBXGroup;
			children = (
				7C38B024278C191400425221 /* Environment.swift */,
			);
			path = configs;
			sourceTree = "<group>";
		};
		7C38B026278C2BF600425221 /* protocols */ = {
			isa = PBXGroup;
			children = (
				7C38B02A278D4E9400425221 /* FoodDetailProtocols.swift */,
			);
			path = protocols;
			sourceTree = "<group>";
		};
		7C38B027278C2BFB00425221 /* interactor */ = {
			isa = PBXGroup;
			children = (
				7C38B02C278D4EA200425221 /* FoodDetailInteractor.swift */,
			);
			path = interactor;
			sourceTree = "<group>";
		};
		7C38B028278C2C0200425221 /* presenter */ = {
			isa = PBXGroup;
			children = (
				7C38B02E278D4EAF00425221 /* FoodDetailPresenter.swift */,
			);
			path = presenter;
			sourceTree = "<group>";
		};
		7C38B029278C2C0600425221 /* router */ = {
			isa = PBXGroup;
			children = (
				7C38B030278D4EBD00425221 /* FoodDetailRouter.swift */,
			);
			path = router;
			sourceTree = "<group>";
		};
		7CDEC9F7278AF8E6004DDEBA = {
			isa = PBXGroup;
			children = (
				7CDECA02278AF8E6004DDEBA /* EcommerceWithViper */,
				7CDECA01278AF8E6004DDEBA /* Products */,
			);
			sourceTree = "<group>";
		};
		7CDECA01278AF8E6004DDEBA /* Products */ = {
			isa = PBXGroup;
			children = (
				7CDECA00278AF8E6004DDEBA /* EcommerceWithViper.app */,
			);
			name = Products;
			sourceTree = "<group>";
		};
		7CDECA02278AF8E6004DDEBA /* EcommerceWithViper */ = {
			isa = PBXGroup;
			children = (
				7C38B023278C18E600425221 /* configs */,
				7CDECA3A278B2571004DDEBA /* addtocart-module */,
				7CDECA1B278AFBF1004DDEBA /* food-detail-module */,
				7CDECA1A278AFBD7004DDEBA /* main-module */,
				7CDECA22278AFC92004DDEBA /* entity */,
				7CDECA03278AF8E6004DDEBA /* AppDelegate.swift */,
				7CDECA05278AF8E6004DDEBA /* SceneDelegate.swift */,
				7CDECA09278AF8E6004DDEBA /* Main.storyboard */,
				7CDECA0F278AF8E9004DDEBA /* Assets.xcassets */,
				7CDECA11278AF8E9004DDEBA /* LaunchScreen.storyboard */,
				7CDECA14278AF8E9004DDEBA /* Info.plist */,
				7CDECA0C278AF8E6004DDEBA /* EcommerceWithViper.xcdatamodeld */,
			);
			path = EcommerceWithViper;
			sourceTree = "<group>";
		};
		7CDECA1A278AFBD7004DDEBA /* main-module */ = {
			isa = PBXGroup;
			children = (
				7CDECA20278AFC59004DDEBA /* router */,
				7CDECA1F278AFC53004DDEBA /* presenter */,
				7CDECA1E278AFC40004DDEBA /* interactor */,
				7CDECA1D278AFC36004DDEBA /* protocols */,
				7CDECA21278AFC63004DDEBA /* collectionView */,
				7CDECA1C278AFC2D004DDEBA /* view */,
			);
			path = "main-module";
			sourceTree = "<group>";
		};
		7CDECA1B278AFBF1004DDEBA /* food-detail-module */ = {
			isa = PBXGroup;
			children = (
				7C38B029278C2C0600425221 /* router */,
				7C38B028278C2C0200425221 /* presenter */,
				7C38B027278C2BFB00425221 /* interactor */,
				7C38B026278C2BF600425221 /* protocols */,
				7CDECA2F278B0687004DDEBA /* view */,
			);
			path = "food-detail-module";
			sourceTree = "<group>";
		};
		7CDECA1C278AFC2D004DDEBA /* view */ = {
			isa = PBXGroup;
			children = (
				7CDECA07278AF8E6004DDEBA /* MainViewController.swift */,
			);
			path = view;
			sourceTree = "<group>";
		};
		7CDECA1D278AFC36004DDEBA /* protocols */ = {
			isa = PBXGroup;
			children = (
				7CDECA23278AFCFB004DDEBA /* MainViewProtocols.swift */,
			);
			path = protocols;
			sourceTree = "<group>";
		};
		7CDECA1E278AFC40004DDEBA /* interactor */ = {
			isa = PBXGroup;
			children = (
				7CDECA29278B01B5004DDEBA /* MainViewInteractor.swift */,
			);
			path = interactor;
			sourceTree = "<group>";
		};
		7CDECA1F278AFC53004DDEBA /* presenter */ = {
			isa = PBXGroup;
			children = (
				7CDECA33278B09BE004DDEBA /* MainViewPresenter.swift */,
			);
			path = presenter;
			sourceTree = "<group>";
		};
		7CDECA20278AFC59004DDEBA /* router */ = {
			isa = PBXGroup;
			children = (
				7CDECA35278B0AB7004DDEBA /* MainViewRouter.swift */,
			);
			path = router;
			sourceTree = "<group>";
		};
		7CDECA21278AFC63004DDEBA /* collectionView */ = {
			isa = PBXGroup;
			children = (
				7CDECA2B278B059A004DDEBA /* FoodCollectionViewCell.swift */,
			);
			path = collectionView;
			sourceTree = "<group>";
		};
		7CDECA22278AFC92004DDEBA /* entity */ = {
			isa = PBXGroup;
			children = (
				7CDECA25278B002C004DDEBA /* Food.swift */,
				7CDECA27278B00B2004DDEBA /* FoodResponse.swift */,
				7C38B032278D518900425221 /* Cart.swift */,
			);
			path = entity;
			sourceTree = "<group>";
		};
		7CDECA2F278B0687004DDEBA /* view */ = {
			isa = PBXGroup;
			children = (
				7CDECA2D278B05EE004DDEBA /* FoodDetailViewController.swift */,
			);
			path = view;
			sourceTree = "<group>";
		};
		7CDECA3A278B2571004DDEBA /* addtocart-module */ = {
			isa = PBXGroup;
			children = (
				7CDECA3B278B26AD004DDEBA /* view */,
			);
			path = "addtocart-module";
			sourceTree = "<group>";
		};
		7CDECA3B278B26AD004DDEBA /* view */ = {
			isa = PBXGroup;
			children = (
				7CDECA3C278B26C6004DDEBA /* CartViewController.swift */,
			);
			path = view;
			sourceTree = "<group>";
		};
/* End PBXGroup section */

/* Begin PBXNativeTarget section */
		7CDEC9FF278AF8E6004DDEBA /* EcommerceWithViper */ = {
			isa = PBXNativeTarget;
			buildConfigurationList = 7CDECA17278AF8E9004DDEBA /* Build configuration list for PBXNativeTarget "EcommerceWithViper" */;
			buildPhases = (
				7CDEC9FC278AF8E6004DDEBA /* Sources */,
				7CDEC9FD278AF8E6004DDEBA /* Frameworks */,
				7CDEC9FE278AF8E6004DDEBA /* Resources */,
			);
			buildRules = (
			);
			dependencies = (
			);
			name = EcommerceWithViper;
			packageProductDependencies = (
				7CDECA31278B079D004DDEBA /* Alamofire */,
				7CDECA38278B12FB004DDEBA /* Kingfisher */,
			);
			productName = EcommerceWithViper;
			productReference = 7CDECA00278AF8E6004DDEBA /* EcommerceWithViper.app */;
			productType = "com.apple.product-type.application";
		};
/* End PBXNativeTarget section */

/* Begin PBXProject section */
		7CDEC9F8278AF8E6004DDEBA /* Project object */ = {
			isa = PBXProject;
			attributes = {
				BuildIndependentTargetsInParallel = 1;
				LastSwiftUpdateCheck = 1310;
				LastUpgradeCheck = 1310;
				TargetAttributes = {
					7CDEC9FF278AF8E6004DDEBA = {
						CreatedOnToolsVersion = 13.1;
					};
				};
			};
			buildConfigurationList = 7CDEC9FB278AF8E6004DDEBA /* Build configuration list for PBXProject "EcommerceWithViper" */;
			compatibilityVersion = "Xcode 13.0";
			developmentRegion = en;
			hasScannedForEncodings = 0;
			knownRegions = (
				en,
				Base,
			);
			mainGroup = 7CDEC9F7278AF8E6004DDEBA;
			packageReferences = (
				7CDECA30278B079D004DDEBA /* XCRemoteSwiftPackageReference "Alamofire" */,
				7CDECA37278B12FB004DDEBA /* XCRemoteSwiftPackageReference "Kingfisher" */,
			);
			productRefGroup = 7CDECA01278AF8E6004DDEBA /* Products */;
			projectDirPath = "";
			projectRoot = "";
			targets = (
				7CDEC9FF278AF8E6004DDEBA /* EcommerceWithViper */,
			);
		};
/* End PBXProject section */

/* Begin PBXResourcesBuildPhase section */
		7CDEC9FE278AF8E6004DDEBA /* Resources */ = {
			isa = PBXResourcesBuildPhase;
			buildActionMask = 2147483647;
			files = (
				7CDECA13278AF8E9004DDEBA /* LaunchScreen.storyboard in Resources */,
				7CDECA10278AF8E9004DDEBA /* Assets.xcassets in Resources */,
				7CDECA0B278AF8E6004DDEBA /* Main.storyboard in Resources */,
			);
			runOnlyForDeploymentPostprocessing = 0;
		};
/* End PBXResourcesBuildPhase section */

/* Begin PBXSourcesBuildPhase section */
		7CDEC9FC278AF8E6004DDEBA /* Sources */ = {
			isa = PBXSourcesBuildPhase;
			buildActionMask = 2147483647;
			files = (
				7C38B02F278D4EAF00425221 /* FoodDetailPresenter.swift in Sources */,
				7CDECA08278AF8E6004DDEBA /* MainViewController.swift in Sources */,
				7C38B033278D518900425221 /* Cart.swift in Sources */,
				7CDECA34278B09BE004DDEBA /* MainViewPresenter.swift in Sources */,
				7C38B031278D4EBD00425221 /* FoodDetailRouter.swift in Sources */,
				7C38B02B278D4E9400425221 /* FoodDetailProtocols.swift in Sources */,
				7CDECA0E278AF8E6004DDEBA /* EcommerceWithViper.xcdatamodeld in Sources */,
				7C38B025278C191400425221 /* Environment.swift in Sources */,
				7CDECA04278AF8E6004DDEBA /* AppDelegate.swift in Sources */,
				7CDECA36278B0AB7004DDEBA /* MainViewRouter.swift in Sources */,
				7CDECA2E278B05EE004DDEBA /* FoodDetailViewController.swift in Sources */,
				7CDECA3D278B26C6004DDEBA /* CartViewController.swift in Sources */,
				7CDECA24278AFCFB004DDEBA /* MainViewProtocols.swift in Sources */,
				7CDECA28278B00B2004DDEBA /* FoodResponse.swift in Sources */,
				7C38B02D278D4EA200425221 /* FoodDetailInteractor.swift in Sources */,
				7CDECA06278AF8E6004DDEBA /* SceneDelegate.swift in Sources */,
				7CDECA2A278B01B5004DDEBA /* MainViewInteractor.swift in Sources */,
				7CDECA2C278B059A004DDEBA /* FoodCollectionViewCell.swift in Sources */,
				7CDECA26278B002C004DDEBA /* Food.swift in Sources */,
			);
			runOnlyForDeploymentPostprocessing = 0;
		};
/* End PBXSourcesBuildPhase section */

/* Begin PBXVariantGroup section */
		7CDECA09278AF8E6004DDEBA /* Main.storyboard */ = {
			isa = PBXVariantGroup;
			children = (
				7CDECA0A278AF8E6004DDEBA /* Base */,
			);
			name = Main.storyboard;
			sourceTree = "<group>";
		};
		7CDECA11278AF8E9004DDEBA /* LaunchScreen.storyboard */ = {
			isa = PBXVariantGroup;
			children = (
				7CDECA12278AF8E9004DDEBA /* Base */,
			);
			name = LaunchScreen.storyboard;
			sourceTree = "<group>";
		};
/* End PBXVariantGroup section */

/* Begin XCBuildConfiguration section */
		7CDECA15278AF8E9004DDEBA /* Debug */ = {
			isa = XCBuildConfiguration;
			buildSettings = {
				ALWAYS_SEARCH_USER_PATHS = NO;
				CLANG_ANALYZER_NONNULL = YES;
				CLANG_ANALYZER_NUMBER_OBJECT_CONVERSION = YES_AGGRESSIVE;
				CLANG_CXX_LANGUAGE_STANDARD = "gnu++17";
				CLANG_CXX_LIBRARY = "libc++";
				CLANG_ENABLE_MODULES = YES;
				CLANG_ENABLE_OBJC_ARC = YES;
				CLANG_ENABLE_OBJC_WEAK = YES;
				CLANG_WARN_BLOCK_CAPTURE_AUTORELEASING = YES;
				CLANG_WARN_BOOL_CONVERSION = YES;
				CLANG_WARN_COMMA = YES;
				CLANG_WARN_CONSTANT_CONVERSION = YES;
				CLANG_WARN_DEPRECATED_OBJC_IMPLEMENTATIONS = YES;
				CLANG_WARN_DIRECT_OBJC_ISA_USAGE = YES_ERROR;
				CLANG_WARN_DOCUMENTATION_COMMENTS = YES;
				CLANG_WARN_EMPTY_BODY = YES;
				CLANG_WARN_ENUM_CONVERSION = YES;
				CLANG_WARN_INFINITE_RECURSION = YES;
				CLANG_WARN_INT_CONVERSION = YES;
				CLANG_WARN_NON_LITERAL_NULL_CONVERSION = YES;
				CLANG_WARN_OBJC_IMPLICIT_RETAIN_SELF = YES;
				CLANG_WARN_OBJC_LITERAL_CONVERSION = YES;
				CLANG_WARN_OBJC_ROOT_CLASS = YES_ERROR;
				CLANG_WARN_QUOTED_INCLUDE_IN_FRAMEWORK_HEADER = YES;
				CLANG_WARN_RANGE_LOOP_ANALYSIS = YES;
				CLANG_WARN_STRICT_PROTOTYPES = YES;
				CLANG_WARN_SUSPICIOUS_MOVE = YES;
				CLANG_WARN_UNGUARDED_AVAILABILITY = YES_AGGRESSIVE;
				CLANG_WARN_UNREACHABLE_CODE = YES;
				CLANG_WARN__DUPLICATE_METHOD_MATCH = YES;
				COPY_PHASE_STRIP = NO;
				DEBUG_INFORMATION_FORMAT = dwarf;
				ENABLE_STRICT_OBJC_MSGSEND = YES;
				ENABLE_TESTABILITY = YES;
				GCC_C_LANGUAGE_STANDARD = gnu11;
				GCC_DYNAMIC_NO_PIC = NO;
				GCC_NO_COMMON_BLOCKS = YES;
				GCC_OPTIMIZATION_LEVEL = 0;
				GCC_PREPROCESSOR_DEFINITIONS = (
					"DEBUG=1",
					"$(inherited)",
				);
				GCC_WARN_64_TO_32_BIT_CONVERSION = YES;
				GCC_WARN_ABOUT_RETURN_TYPE = YES_ERROR;
				GCC_WARN_UNDECLARED_SELECTOR = YES;
				GCC_WARN_UNINITIALIZED_AUTOS = YES_AGGRESSIVE;
				GCC_WARN_UNUSED_FUNCTION = YES;
				GCC_WARN_UNUSED_VARIABLE = YES;
				IPHONEOS_DEPLOYMENT_TARGET = 15.0;
				MTL_ENABLE_DEBUG_INFO = INCLUDE_SOURCE;
				MTL_FAST_MATH = YES;
				ONLY_ACTIVE_ARCH = YES;
				SDKROOT = iphoneos;
				SWIFT_ACTIVE_COMPILATION_CONDITIONS = DEBUG;
				SWIFT_OPTIMIZATION_LEVEL = "-Onone";
			};
			name = Debug;
		};
		7CDECA16278AF8E9004DDEBA /* Release */ = {
			isa = XCBuildConfiguration;
			buildSettings = {
				ALWAYS_SEARCH_USER_PATHS = NO;
				CLANG_ANALYZER_NONNULL = YES;
				CLANG_ANALYZER_NUMBER_OBJECT_CONVERSION = YES_AGGRESSIVE;
				CLANG_CXX_LANGUAGE_STANDARD = "gnu++17";
				CLANG_CXX_LIBRARY = "libc++";
				CLANG_ENABLE_MODULES = YES;
				CLANG_ENABLE_OBJC_ARC = YES;
				CLANG_ENABLE_OBJC_WEAK = YES;
				CLANG_WARN_BLOCK_CAPTURE_AUTORELEASING = YES;
				CLANG_WARN_BOOL_CONVERSION = YES;
				CLANG_WARN_COMMA = YES;
				CLANG_WARN_CONSTANT_CONVERSION = YES;
				CLANG_WARN_DEPRECATED_OBJC_IMPLEMENTATIONS = YES;
				CLANG_WARN_DIRECT_OBJC_ISA_USAGE = YES_ERROR;
				CLANG_WARN_DOCUMENTATION_COMMENTS = YES;
				CLANG_WARN_EMPTY_BODY = YES;
				CLANG_WARN_ENUM_CONVERSION = YES;
				CLANG_WARN_INFINITE_RECURSION = YES;
				CLANG_WARN_INT_CONVERSION = YES;
				CLANG_WARN_NON_LITERAL_NULL_CONVERSION = YES;
				CLANG_WARN_OBJC_IMPLICIT_RETAIN_SELF = YES;
				CLANG_WARN_OBJC_LITERAL_CONVERSION = YES;
				CLANG_WARN_OBJC_ROOT_CLASS = YES_ERROR;
				CLANG_WARN_QUOTED_INCLUDE_IN_FRAMEWORK_HEADER = YES;
				CLANG_WARN_RANGE_LOOP_ANALYSIS = YES;
				CLANG_WARN_STRICT_PROTOTYPES = YES;
				CLANG_WARN_SUSPICIOUS_MOVE = YES;
				CLANG_WARN_UNGUARDED_AVAILABILITY = YES_AGGRESSIVE;
				CLANG_WARN_UNREACHABLE_CODE = YES;
				CLANG_WARN__DUPLICATE_METHOD_MATCH = YES;
				COPY_PHASE_STRIP = NO;
				DEBUG_INFORMATION_FORMAT = "dwarf-with-dsym";
				ENABLE_NS_ASSERTIONS = NO;
				ENABLE_STRICT_OBJC_MSGSEND = YES;
				GCC_C_LANGUAGE_STANDARD = gnu11;
				GCC_NO_COMMON_BLOCKS = YES;
				GCC_WARN_64_TO_32_BIT_CONVERSION = YES;
				GCC_WARN_ABOUT_RETURN_TYPE = YES_ERROR;
				GCC_WARN_UNDECLARED_SELECTOR = YES;
				GCC_WARN_UNINITIALIZED_AUTOS = YES_AGGRESSIVE;
				GCC_WARN_UNUSED_FUNCTION = YES;
				GCC_WARN_UNUSED_VARIABLE = YES;
				IPHONEOS_DEPLOYMENT_TARGET = 15.0;
				MTL_ENABLE_DEBUG_INFO = NO;
				MTL_FAST_MATH = YES;
				SDKROOT = iphoneos;
				SWIFT_COMPILATION_MODE = wholemodule;
				SWIFT_OPTIMIZATION_LEVEL = "-O";
				VALIDATE_PRODUCT = YES;
			};
			name = Release;
		};
		7CDECA18278AF8E9004DDEBA /* Debug */ = {
			isa = XCBuildConfiguration;
			buildSettings = {
				ASSETCATALOG_COMPILER_APPICON_NAME = AppIcon;
				ASSETCATALOG_COMPILER_GLOBAL_ACCENT_COLOR_NAME = AccentColor;
				CODE_SIGN_STYLE = Automatic;
				CURRENT_PROJECT_VERSION = 1;
				GENERATE_INFOPLIST_FILE = YES;
				INFOPLIST_FILE = EcommerceWithViper/Info.plist;
				INFOPLIST_KEY_UIApplicationSupportsIndirectInputEvents = YES;
				INFOPLIST_KEY_UILaunchStoryboardName = LaunchScreen;
				INFOPLIST_KEY_UIMainStoryboardFile = Main;
				INFOPLIST_KEY_UISupportedInterfaceOrientations_iPad = "UIInterfaceOrientationPortrait UIInterfaceOrientationPortraitUpsideDown UIInterfaceOrientationLandscapeLeft UIInterfaceOrientationLandscapeRight";
				INFOPLIST_KEY_UISupportedInterfaceOrientations_iPhone = "UIInterfaceOrientationPortrait UIInterfaceOrientationLandscapeLeft UIInterfaceOrientationLandscapeRight";
				LD_RUNPATH_SEARCH_PATHS = (
					"$(inherited)",
					"@executable_path/Frameworks",
				);
				MARKETING_VERSION = 1.0;
				PRODUCT_BUNDLE_IDENTIFIER = info.EcommerceWithViper;
				PRODUCT_NAME = "$(TARGET_NAME)";
				SWIFT_EMIT_LOC_STRINGS = YES;
				SWIFT_VERSION = 5.0;
				TARGETED_DEVICE_FAMILY = "1,2";
			};
			name = Debug;
		};
		7CDECA19278AF8E9004DDEBA /* Release */ = {
			isa = XCBuildConfiguration;
			buildSettings = {
				ASSETCATALOG_COMPILER_APPICON_NAME = AppIcon;
				ASSETCATALOG_COMPILER_GLOBAL_ACCENT_COLOR_NAME = AccentColor;
				CODE_SIGN_STYLE = Automatic;
				CURRENT_PROJECT_VERSION = 1;
				GENERATE_INFOPLIST_FILE = YES;
				INFOPLIST_FILE = EcommerceWithViper/Info.plist;
				INFOPLIST_KEY_UIApplicationSupportsIndirectInputEvents = YES;
				INFOPLIST_KEY_UILaunchStoryboardName = LaunchScreen;
				INFOPLIST_KEY_UIMainStoryboardFile = Main;
				INFOPLIST_KEY_UISupportedInterfaceOrientations_iPad = "UIInterfaceOrientationPortrait UIInterfaceOrientationPortraitUpsideDown UIInterfaceOrientationLandscapeLeft UIInterfaceOrientationLandscapeRight";
				INFOPLIST_KEY_UISupportedInterfaceOrientations_iPhone = "UIInterfaceOrientationPortrait UIInterfaceOrientationLandscapeLeft UIInterfaceOrientationLandscapeRight";
				LD_RUNPATH_SEARCH_PATHS = (
					"$(inherited)",
					"@executable_path/Frameworks",
				);
				MARKETING_VERSION = 1.0;
				PRODUCT_BUNDLE_IDENTIFIER = info.EcommerceWithViper;
				PRODUCT_NAME = "$(TARGET_NAME)";
				SWIFT_EMIT_LOC_STRINGS = YES;
				SWIFT_VERSION = 5.0;
				TARGETED_DEVICE_FAMILY = "1,2";
			};
			name = Release;
		};
/* End XCBuildConfiguration section */

/* Begin XCConfigurationList section */
		7CDEC9FB278AF8E6004DDEBA /* Build configuration list for PBXProject "EcommerceWithViper" */ = {
			isa = XCConfigurationList;
			buildConfigurations = (
				7CDECA15278AF8E9004DDEBA /* Debug */,
				7CDECA16278AF8E9004DDEBA /* Release */,
			);
			defaultConfigurationIsVisible = 0;
			defaultConfigurationName = Release;
		};
		7CDECA17278AF8E9004DDEBA /* Build configuration list for PBXNativeTarget "EcommerceWithViper" */ = {
			isa = XCConfigurationList;
			buildConfigurations = (
				7CDECA18278AF8E9004DDEBA /* Debug */,
				7CDECA19278AF8E9004DDEBA /* Release */,
			);
			defaultConfigurationIsVisible = 0;
			defaultConfigurationName = Release;
		};
/* End XCConfigurationList section */

/* Begin XCRemoteSwiftPackageReference section */
		7CDECA30278B079D004DDEBA /* XCRemoteSwiftPackageReference "Alamofire" */ = {
			isa = XCRemoteSwiftPackageReference;
			repositoryURL = "https://github.com/Alamofire/Alamofire.git";
			requirement = {
				branch = master;
				kind = branch;
			};
		};
		7CDECA37278B12FB004DDEBA /* XCRemoteSwiftPackageReference "Kingfisher" */ = {
			isa = XCRemoteSwiftPackageReference;
			repositoryURL = "https://github.com/onevcat/Kingfisher.git";
			requirement = {
				kind = upToNextMajorVersion;
				minimumVersion = 7.0.0;
			};
		};
/* End XCRemoteSwiftPackageReference section */

/* Begin XCSwiftPackageProductDependency section */
		7CDECA31278B079D004DDEBA /* Alamofire */ = {
			isa = XCSwiftPackageProductDependency;
			package = 7CDECA30278B079D004DDEBA /* XCRemoteSwiftPackageReference "Alamofire" */;
			productName = Alamofire;
		};
		7CDECA38278B12FB004DDEBA /* Kingfisher */ = {
			isa = XCSwiftPackageProductDependency;
			package = 7CDECA37278B12FB004DDEBA /* XCRemoteSwiftPackageReference "Kingfisher" */;
			productName = Kingfisher;
		};
/* End XCSwiftPackageProductDependency section */

/* Begin XCVersionGroup section */
		7CDECA0C278AF8E6004DDEBA /* EcommerceWithViper.xcdatamodeld */ = {
			isa = XCVersionGroup;
			children = (
				7CDECA0D278AF8E6004DDEBA /* EcommerceWithViper.xcdatamodel */,
			);
			currentVersion = 7CDECA0D278AF8E6004DDEBA /* EcommerceWithViper.xcdatamodel */;
			path = EcommerceWithViper.xcdatamodeld;
			sourceTree = "<group>";
			versionGroupType = wrapper.xcdatamodel;
		};
/* End XCVersionGroup section */
	};
	rootObject = 7CDEC9F8278AF8E6004DDEBA /* Project object */;
}
